Microsoft Visual Studio Solution File, Format Version 12.00
# Visual Studio Version 17
VisualStudioVersion = 17.5.2.0
MinimumVisualStudioVersion = 10.0.40219.1
Project("{FAE04EC0-301F-11D3-BF4B-00C04F79EFBC}") = "RedRoverCodePuzzle", "RedRoverCodePuzzle\RedRoverCodePuzzle.csproj", "{B7CA5334-9108-9EB6-962E-C302A8E391CF}"
EndProject
Project("{FAE04EC0-301F-11D3-BF4B-00C04F79EFBC}") = "RedRoverCodePuzzle.Tests", "RedRoverCodePuzzle.Tests\RedRoverCodePuzzle.Tests.csproj", "{84D59575-66CC-4E3A-985C-59CF72CD6F94}"
EndProject
Global
	GlobalSection(SolutionConfigurationPlatforms) = preSolution
		Debug|Any CPU = Debug|Any CPU
		Release|Any CPU = Release|Any CPU
	EndGlobalSection
	GlobalSection(ProjectConfigurationPlatforms) = postSolution
		{B7CA5334-9108-9EB6-962E-C302A8E391CF}.Debug|Any CPU.ActiveCfg = Debug|Any CPU
		{B7CA5334-9108-9EB6-962E-C302A8E391CF}.Debug|Any CPU.Build.0 = Debug|Any CPU
		{B7CA5334-9108-9EB6-962E-C302A8E391CF}.Release|Any CPU.ActiveCfg = Release|Any CPU
		{B7CA5334-9108-9EB6-962E-C302A8E391CF}.Release|Any CPU.Build.0 = Release|Any CPU
		{84D59575-66CC-4E3A-985C-59CF72CD6F94}.Debug|Any CPU.ActiveCfg = Debug|Any CPU
		{84D59575-66CC-4E3A-985C-59CF72CD6F94}.Debug|Any CPU.Build.0 = Debug|Any CPU
		{84D59575-66CC-4E3A-985C-59CF72CD6F94}.Release|Any CPU.ActiveCfg = Release|Any CPU
		{84D59575-66CC-4E3A-985C-59CF72CD6F94}.Release|Any CPU.Build.0 = Release|Any CPU
	EndGlobalSection
	GlobalSection(SolutionProperties) = preSolution
		HideSolutionNode = FALSE
	EndGlobalSection
	GlobalSection(ExtensibilityGlobals) = postSolution
		SolutionGuid = {3E76941C-8EC3-4590-A243-A08F46620816}
	EndGlobalSection
EndGlobal
